
Microsoft Visual Studio Solution File, Format Version 12.00
# Visual Studio Version 17
VisualStudioVersion = 17.2.32616.157
MinimumVisualStudioVersion = 10.0.40219.1
Project("{2150E333-8FDC-42A3-9474-1A3956D46DE8}") = "Services", "Services", "{06A22E1E-960F-472A-8E4D-2EC431C59E3C}"
EndProject
Project("{2150E333-8FDC-42A3-9474-1A3956D46DE8}") = "Catalog", "Catalog", "{08EA1715-DA9D-4B46-9EA2-755DAE0DD2FD}"
EndProject
Project("{FAE04EC0-301F-11D3-BF4B-00C04F79EFBC}") = "Catalog.API", "services\Catalog\Catalog.API\Catalog.API.csproj", "{6AC8AF18-9B78-419A-9826-5BCAD1C93B6E}"
EndProject
Global
	GlobalSection(SolutionConfigurationPlatforms) = preSolution
		Debug|Any CPU = Debug|Any CPU
		Release|Any CPU = Release|Any CPU
	EndGlobalSection
	GlobalSection(ProjectConfigurationPlatforms) = postSolution
		{6AC8AF18-9B78-419A-9826-5BCAD1C93B6E}.Debug|Any CPU.ActiveCfg = Debug|Any CPU
		{6AC8AF18-9B78-419A-9826-5BCAD1C93B6E}.Debug|Any CPU.Build.0 = Debug|Any CPU
		{6AC8AF18-9B78-419A-9826-5BCAD1C93B6E}.Release|Any CPU.ActiveCfg = Release|Any CPU
		{6AC8AF18-9B78-419A-9826-5BCAD1C93B6E}.Release|Any CPU.Build.0 = Release|Any CPU
	EndGlobalSection
	GlobalSection(SolutionProperties) = preSolution
		HideSolutionNode = FALSE
	EndGlobalSection
	GlobalSection(NestedProjects) = preSolution
		{08EA1715-DA9D-4B46-9EA2-755DAE0DD2FD} = {06A22E1E-960F-472A-8E4D-2EC431C59E3C}
		{6AC8AF18-9B78-419A-9826-5BCAD1C93B6E} = {08EA1715-DA9D-4B46-9EA2-755DAE0DD2FD}
	EndGlobalSection
	GlobalSection(ExtensibilityGlobals) = postSolution
		SolutionGuid = {77EC6E44-2EA1-4ED5-BB03-F7D6FB9C5F05}
	EndGlobalSection
EndGlobal
